{
  "name": "Final_project",
  "lockfileVersion": 3,
  "requires": true,
  "packages": {
    "": {
      "dependencies": {
        "@ant-design/icons": "^5.2.6",
        "@emotion/react": "^11.14.0",
        "@emotion/styled": "^11.14.0",
        "@mui/icons-material": "^7.0.2",
        "@mui/material": "^7.0.2",
        "antd": "^5.12.8",
        "classnames": "^2.5.1",
        "csv-parse": "^5.6.0",
        "firebase-admin": "^13.5.0",
        "node-fetch": "^3.3.2",
        "prop-types": "^15.8.1",
        "recharts": "^2.15.3"
      }
    },
    "node_modules/@ant-design/colors": {
      "version": "7.1.0",
      "resolved": "https://registry.npmjs.org/@ant-design/colors/-/colors-7.1.0.tgz",
      "integrity": "sha512-MMoDGWn6y1zj6Grdp8QGbHlrJNn+5cZn6fHOmUub1k3ga2opSSdPF6YYXaBpZKOcoSOM7nvjczNHqt6k4z61eg==",
      "license": "MIT",
      "dependencies": {
        "@ctrl/tinycolor": "^3.4.0"
      }
    },
    "node_modules/@ant-design/icons": {
      "version": "5.2.6",
      "resolved": "https://registry.npmjs.org/@ant-design/icons/-/icons-5.2.6.tgz",
      "integrity": "sha512-4wn0WShF8ub0S4T5rlKMHxC9X5j6UJhP0YJkO2l4GgTQOJCfBQ7nURKurOcJhJ1T7iy6kNa+WpRlGEIWZdeTJA==",
      "license": "MIT",
      "dependencies": {
        "@ant-design/colors": "^7.0.0",
        "@ant-design/icons-svg": "^4.3.0",
        "classnames": "^2.2.6",
        "rc-util": "^5.31.1"
      },
      "engines": {
        "node": ">=8"
      },
      "peerDependencies": {
        "react": ">=16.0.0",
        "react-dom": ">=16.0.0"
      }
    },
    "node_modules/@ant-design/icons-svg": {
      "version": "4.4.2",
      "resolved": "https://registry.npmjs.org/@ant-design/icons-svg/-/icons-svg-4.4.2.tgz",
      "integrity": "sha512-vHbT+zJEVzllwP+CM+ul7reTEfBR0vgxFe7+lREAsAA7YGsYpboiq2sQGSQOJfB9+sVz1nd+TozePNfri8lw7w==",
      "license": "MIT"
    },
    "node_modules/@babel/code-frame": {
      "version": "7.26.2",
      "resolved": "https://registry.npmjs.org/@babel/code-frame/-/code-frame-7.26.2.tgz",
      "integrity": "sha512-RJlIHRueQgwWitWgF8OdFYGZX328Ax5BCemNGlqHfplnRT9ESi8JkFlvaVYbS+UubVY6dpv87Fs2u5M29iNFVQ==",
      "license": "MIT",
      "dependencies": {
        "@babel/helper-validator-identifier": "^7.25.9",
        "js-tokens": "^4.0.0",
        "picocolors": "^1.0.0"
      },
      "engines": {
        "node": ">=6.9.0"
      }
    },
    "node_modules/@babel/runtime": {
      "version": "7.27.0",
      "resolved": "https://registry.npmjs.org/@babel/runtime/-/runtime-7.27.0.tgz",
      "integrity": "sha512-VtPOkrdPHZsKc/clNqyi9WUA8TINkZ4cGk63UUE3u4pmB2k+ZMQRDuIOagv8UVd6j7k0T3+RRIb7beKTebNbcw==",
      "license": "MIT",
      "dependencies": {
        "regenerator-runtime": "^0.14.0"
      },
      "engines": {
        "node": ">=6.9.0"
      }
    },
    "node_modules/@ctrl/tinycolor": {
      "version": "3.6.1",
      "resolved": "https://registry.npmjs.org/@ctrl/tinycolor/-/tinycolor-3.6.1.tgz",
      "integrity": "sha512-SITSV6aIXsuVNV3f3O0f2n/cgyEDWoSqtZMYiAmcsYHydcKrOz3gUxB/iXd/Qf08+IZX4KpgNbvUdMBmWz+kcA==",
      "license": "MIT",
      "engines": {
        "node": ">=10"
      }
    },
    "node_modules/antd": {
      "version": "5.12.8",
      "resolved": "https://registry.npmjs.org/antd/-/antd-5.12.8.tgz",
      "integrity": "sha512-O9hWp8bUWLCOOE4s3qsOQ6DGTD1eiNLNO0gVHJalDGqxHOZMcvz8b4sUJxF6qh4l5JhgY/PVkfcJq+dKfR4O7A==",
      "license": "MIT",
      "dependencies": {
        "@ant-design/colors": "^7.0.0",
        "@ant-design/icons": "^5.0.1",
        "@ctrl/tinycolor": "^3.4.0",
        "classnames": "^2.2.6",
        "dayjs": "^1.11.1",
        "qrcode.js": "^0.0.2",
        "rc-cascader": "~3.20.0",
        "rc-checkbox": "~3.1.0",
        "rc-collapse": "~3.7.0",
        "rc-dialog": "~9.4.0",
        "rc-drawer": "~7.0.0",
        "rc-dropdown": "~4.1.0",
        "rc-field-form": "~1.41.0",
        "rc-image": "~7.5.1",
        "rc-input": "~1.4.3",
        "rc-input-number": "~9.0.0",
        "rc-mentions": "~2.9.1",
        "rc-menu": "~9.12.0",
        "rc-motion": "^2.6.1",
        "rc-notification": "~5.3.0",
        "rc-pagination": "~4.0.4",
        "rc-picker": "~4.0.0",
        "rc-progress": "~3.5.0",
        "rc-rate": "~2.12.0",
        "rc-resize-observer": "^1.0.0",
        "rc-segmented": "~2.2.0",
        "rc-select": "~14.10.0",
        "rc-slider": "~10.5.0",
        "rc-steps": "~6.0.0",
        "rc-switch": "~4.1.0",
        "rc-table": "~7.37.0",
        "rc-tabs": "~14.0.0",
        "rc-textarea": "~1.5.0",
        "rc-tooltip": "~6.1.0",
        "rc-tour": "~1.12.3",
        "rc-tree": "~5.8.0",
        "rc-tree-select": "~5.15.0",
        "rc-upload": "~4.3.0",
        "rc-util": "^5.38.1",
        "scroll-into-view-if-needed": "^3.0.3",
        "throttle-debounce": "^5.0.0"
      },
      "funding": {
        "type": "opencollective",
        "url": "https://opencollective.com/ant-design"
      },
      "peerDependencies": {
        "react": ">=16.9.0",
        "react-dom": ">=16.9.0"
      }
    },
    "node_modules/classnames": {
      "version": "2.5.1",
      "resolved": "https://registry.npmjs.org/classnames/-/classnames-2.5.1.tgz",
      "integrity": "sha512-saHYOzhIQs6wy2sVxTM6bUDsQO4F50V9RQ22qBpEdCW+I+/Wmke2HOl6lS6dTpdxVhb88/I6+Hs+438c3lfUow==",
      "license": "MIT"
    },
    "node_modules/csv-parse": {
      "version": "5.6.0",
      "resolved": "https://registry.npmjs.org/csv-parse/-/csv-parse-5.6.0.tgz",
      "integrity": "sha512-l3nz3euub2QMg5ouu5U09Ew9Wf6/wQ8I++ch1loQ0ljmzhmfZYrH9fflS22i/PQEvsPvxCwxgz5q7UB8K1JO4Q==",
      "license": "MIT"
    },
    "node_modules/dayjs": {
      "version": "1.11.10",
      "resolved": "https://registry.npmjs.org/dayjs/-/dayjs-1.11.10.tgz",
      "integrity": "sha512-vjAczensTgRcqDERK0SR2XMwsF/tSvnvlv6VcF2GIhg6Sx4yOIt/irsr1RDJsKiIyBzJDpCoXiWWq28MqH2cnQ==",
      "license": "MIT"
    },
    "node_modules/firebase-admin": {
      "version": "13.5.0",
      "resolved": "https://registry.npmjs.org/firebase-admin/-/firebase-admin-13.5.0.tgz",
      "integrity": "sha512-QZOpv1DJRJpH8NcWiL1xXE10tw3L/bdPFlgjcWrqU3ufyOJDYfxB1MMtxiVTwxK16NlybQbEM6ciSich2uWEIQ==",
      "license": "Apache-2.0",
      "dependencies": {
        "@fastify/busboy": "^3.0.0",
        "@firebase/database-compat": "^2.0.0",
        "@firebase/database-types": "^1.0.6",
        "@types/node": "^22.8.7",
        "farmhash-modern": "^1.1.0",
        "fast-deep-equal": "^3.1.1",
        "google-auth-library": "^9.14.2",
        "jsonwebtoken": "^9.0.0",
        "jwks-rsa": "^3.1.0",
        "node-forge": "^1.3.1",
        "uuid": "^11.0.2"
      },
      "engines": {
        "node": ">=18"
      },
      "optionalDependencies": {
        "@google-cloud/firestore": "^7.11.0",
        "@google-cloud/storage": "^7.14.0"
      }
    },
    "node_modules/js-tokens": {
      "version": "4.0.0",
      "resolved": "https://registry.npmjs.org/js-tokens/-/js-tokens-4.0.0.tgz",
      "integrity": "sha512-RdJUflcE3cUzKiMqQgsCu06FPu9UdIJO0beYbPhHN4k6apgJtifcoCtT9bcxOpYBtpD2kCM6Sbzg4CausW/PKQ==",
      "license": "MIT"
    },
    "node_modules/loose-envify": {
      "version": "1.4.0",
      "resolved": "https://registry.npmjs.org/loose-envify/-/loose-envify-1.4.0.tgz",
      "integrity": "sha512-lyuxPGr/Wfhrlem2CL/UcnUc1zcqKAImBDzukY7Y5F/yQiNdko6+fRLevlw1HgMySw7f611UIY408EtxRSoK3Q==",
      "license": "MIT",
      "dependencies": {
        "js-tokens": "^3.0.0 || ^4.0.0"
      },
      "bin": {
        "loose-envify": "cli.js"
      }
    },
    "node_modules/node-fetch": {
      "version": "3.3.2",
      "resolved": "https://registry.npmjs.org/node-fetch/-/node-fetch-3.3.2.tgz",
      "integrity": "sha512-dRB78srN/l6gqWulah9SrxeYnxeddIG30+GOqK/9OlLVyLg3HPnr6SqOWTWOXKRwC2eGYCkZ59NNuSgvSrpgOA==",
      "license": "MIT",
      "dependencies": {
        "data-uri-to-buffer": "^4.0.0",
        "fetch-blob": "^3.1.4",
        "formdata-polyfill": "^4.0.10"
      },
      "engines": {
        "node": "^12.20.0 || ^14.13.1 || >=16.0.0"
      },
      "funding": {
        "type": "opencollective",
        "url": "https://opencollective.com/node-fetch"
      }
    },
    "node_modules/object-assign": {
      "version": "4.1.1",
      "resolved": "https://registry.npmjs.org/object-assign/-/object-assign-4.1.1.tgz",
      "integrity": "sha512-rJgTQnkUnH1sFw8yT6VSU3zD3sWmu6sZhIseY8VX+GRu3P6F7Fu+JNDoXfklElbLJSnc3FUQHVe4cU5hj+BcUg==",
      "license": "MIT",
      "engines": {
        "node": ">=0.10.0"
      }
    },
    "node_modules/picocolors": {
      "version": "1.1.1",
      "resolved": "https://registry.npmjs.org/picocolors/-/picocolors-1.1.1.tgz",
      "integrity": "sha512-xceH2snhtb5M9liqDsmEw56le376mTZkEX/jEb/RxNFyegNul7eNslCXP9FDj/Lcu0X8KEyMceP2ntpaHrDEVA==",
      "license": "ISC"
    },
    "node_modules/prop-types": {
      "version": "15.8.1",
      "resolved": "https://registry.npmjs.org/prop-types/-/prop-types-15.8.1.tgz",
      "integrity": "sha512-oj87CgZICdulUohogVAR7AjlC0327U4el4L6eAvOqCeudMDVU0NThNaV+b9Df4dXgSP1gXMTnPdhfe/2qDH5cg==",
      "license": "MIT",
      "dependencies": {
        "loose-envify": "^1.4.0",
        "object-assign": "^4.1.1",
        "react-is": "^16.13.1"
      }
    },
    "node_modules/qrcode.js": {
      "version": "0.0.2",
      "resolved": "https://registry.npmjs.org/qrcode.js/-/qrcode.js-0.0.2.tgz",
      "integrity": "sha512-cstddRIvBE0T3kDUAcQD4oS7BBnTW31SJD6huEhJFOiJHSOKHELUaCNyKpOhQhFk5SbNy/lYqTX7Mm7qE6wX8Q==",
      "license": "MIT"
    },
    "node_modules/rc-util": {
      "version": "5.43.0",
      "resolved": "https://registry.npmjs.org/rc-util/-/rc-util-5.43.0.tgz",
      "integrity": "sha512-AzC7KKOXFqAdIBqdGWepL9Xn7cm3vnAmjlHqUnoQaTMZjd9WZpE2lVQfAFlOup7k+uGOjl6gGnFjm0Vo+Krwkw==",
      "license": "MIT",
      "dependencies": {
        "@babel/runtime": "^7.18.3",
        "react-is": "^18.0.0"
      },
      "peerDependencies": {
        "react": ">=16.9.0",
        "react-dom": ">=16.9.0"
      }
    },
    "node_modules/react-is": {
      "version": "16.13.1",
      "resolved": "https://registry.npmjs.org/react-is/-/react-is-16.13.1.tgz",
      "integrity": "sha512-24e6ynE2H+OKt4kqsOvNd8kBpV65zoxbA4BVsEOB3ARVWQki/DHzaUoC5KuON/BiccDaCCTZBuOcfZs70kR8bQ==",
      "license": "MIT"
    },
    "node_modules/rc-util/node_modules/react-is": {
      "version": "18.2.0",
      "resolved": "https://registry.npmjs.org/react-is/-/react-is-18.2.0.tgz",
      "integrity": "sha512-xWGDIW6x921xtzPkhiULtthJHoJvBbF3q26fzloPCK0hsvxtPVelvftw3zjbHWSkR2km9Z+4uxbDDK/6Zw9B8w==",
      "license": "MIT"
    },
    "node_modules/recharts": {
      "version": "2.15.3",
      "resolved": "https://registry.npmjs.org/recharts/-/recharts-2.15.3.tgz",
      "integrity": "sha512-EdOPzTwcFSuqtvkDoaM5ws/Km1+WTAO2eizL7rqiG0V2UVhTnz0m7J2i0CjVPUCdEkZImaWvXLbZDS2H5t6GFQ==",
      "license": "MIT",
      "dependencies": {
        "clsx": "^2.0.0",
        "eventemitter3": "^4.0.1",
        "lodash": "^4.17.21",
        "react-is": "^18.3.1",
        "react-smooth": "^4.0.4",
        "recharts-scale": "^0.4.4",
        "tiny-invariant": "^1.3.1",
        "victory-vendor": "^36.6.8"
      },
      "engines": {
        "node": ">=14"
      },
      "peerDependencies": {
        "react": "^16.0.0 || ^17.0.0 || ^18.0.0 || ^19.0.0",
        "react-dom": "^16.0.0 || ^17.0.0 || ^18.0.0 || ^19.0.0"
      }
    },
    "node_modules/regenerator-runtime": {
      "version": "0.14.1",
      "resolved": "https://registry.npmjs.org/regenerator-runtime/-/regenerator-runtime-0.14.1.tgz",
      "integrity": "sha512-dYnhHh0nJoMfnkZs6GmmhFknAGRrLznOu5nc9ML+EJxGvrx6H7teuevqVqCuPcPK//3eDrrjQhehXVx9cnkGdw==",
      "license": "MIT"
    },
    "node_modules/scroll-into-view-if-needed": {
      "version": "3.1.0",
      "resolved": "https://registry.npmjs.org/scroll-into-view-if-needed/-/scroll-into-view-if-needed-3.1.0.tgz",
      "integrity": "sha512-49oNpRjWRvnU8NyGVmUaYG4jtTkNonFZI86MmGRDqBphEK2EXT9gdEUoQPZhuBM8yWHxCWbobltqYO5M4XrUvQ==",
      "license": "MIT",
      "dependencies": {
        "compute-scroll-into-view": "^3.0.2"
      }
    },
    "node_modules/throttle-debounce": {
      "version": "5.0.0",
      "resolved": "https://registry.npmjs.org/throttle-debounce/-/throttle-debounce-5.0.0.tgz",
      "integrity": "sha512-2iQTSgkkc1Zyk0MeVrt/3BvuOXYPl/R8Z0U2xxo9rjwNciaHDG3R+Lm6dh4EeUci49DanvBnuqI6jshoQQRGEg==",
      "license": "MIT",
      "engines": {
        "node": ">=12.22"
      }
    }
  }
}